
Microsoft Visual Studio Solution File, Format Version 12.00
# Visual Studio Version 17
VisualStudioVersion = 17.7.34024.191
MinimumVisualStudioVersion = 10.0.40219.1
Project("{9A19103F-16F7-4668-BE54-9A1E7A4F7556}") = "TAT", "TAT.csproj", "{047AAABC-26CE-4151-B075-9D543E4B71D8}"
EndProject
Global
	GlobalSection(SolutionConfigurationPlatforms) = preSolution
		Debug|Any CPU = Debug|Any CPU
		Release|Any CPU = Release|Any CPU
	EndGlobalSection
	GlobalSection(ProjectConfigurationPlatforms) = postSolution
		{047AAABC-26CE-4151-B075-9D543E4B71D8}.Debug|Any CPU.ActiveCfg = Debug|Any CPU
		{047AAABC-26CE-4151-B075-9D543E4B71D8}.Debug|Any CPU.Build.0 = Debug|Any CPU
		{047AAABC-26CE-4151-B075-9D543E4B71D8}.Release|Any CPU.ActiveCfg = Release|Any CPU
		{047AAABC-26CE-4151-B075-9D543E4B71D8}.Release|Any CPU.Build.0 = Release|Any CPU
	EndGlobalSection
	GlobalSection(SolutionProperties) = preSolution
		HideSolutionNode = FALSE
	EndGlobalSection
	GlobalSection(ExtensibilityGlobals) = postSolution
		SolutionGuid = {F0E75DA1-477F-4C21-A398-3D948CE13406}
	EndGlobalSection
EndGlobal
